// !$*UTF8*$!
{
	archiveVersion = 1;
	classes = {
	};
	objectVersion = 51;
	objects = {

/* Begin PBXBuildFile section */
		88B3FAE3D3D4033E2BEC328B /* Pods_PlayBook.framework in Frameworks */ = {isa = PBXBuildFile; fileRef = F6A19C0AE088DEDF52EA11DC /* Pods_PlayBook.framework */; };
		A340570026F36531007FD358 /* PlayBookApp.swift in Sources */ = {isa = PBXBuildFile; fileRef = A34056FF26F36531007FD358 /* PlayBookApp.swift */; };
		A340570226F36531007FD358 /* ContentView.swift in Sources */ = {isa = PBXBuildFile; fileRef = A340570126F36531007FD358 /* ContentView.swift */; };
		A340570426F36532007FD358 /* Assets.xcassets in Resources */ = {isa = PBXBuildFile; fileRef = A340570326F36532007FD358 /* Assets.xcassets */; };
		A340570726F36532007FD358 /* Preview Assets.xcassets in Resources */ = {isa = PBXBuildFile; fileRef = A340570626F36532007FD358 /* Preview Assets.xcassets */; };
		A340571026F366A5007FD358 /* GoogleService-Info.plist in Resources */ = {isa = PBXBuildFile; fileRef = A340570F26F366A5007FD358 /* GoogleService-Info.plist */; };
		A340571626F3728F007FD358 /* LoginView.swift in Sources */ = {isa = PBXBuildFile; fileRef = A340571526F3728F007FD358 /* LoginView.swift */; };
		A340574126F37ED5007FD358 /* SignUpView.swift in Sources */ = {isa = PBXBuildFile; fileRef = A340574026F37ED5007FD358 /* SignUpView.swift */; };
		A382A9DF2704C70600703CCC /* FeedView.swift in Sources */ = {isa = PBXBuildFile; fileRef = A382A9DE2704C70600703CCC /* FeedView.swift */; };
		A382A9E32704C9A600703CCC /* MiniPostView.swift in Sources */ = {isa = PBXBuildFile; fileRef = A382A9E22704C9A600703CCC /* MiniPostView.swift */; };
		A3CCFBF026FCA8F50091CDD9 /* AuthService.swift in Sources */ = {isa = PBXBuildFile; fileRef = A3CCFBEF26FCA8F50091CDD9 /* AuthService.swift */; };
		A3CCFBF326FCAB5F0091CDD9 /* FirebaseService.swift in Sources */ = {isa = PBXBuildFile; fileRef = A3CCFBF226FCAB5F0091CDD9 /* FirebaseService.swift */; };
/* End PBXBuildFile section */

/* Begin PBXFileReference section */
		A34056FC26F36531007FD358 /* PlayBook.app */ = {isa = PBXFileReference; explicitFileType = wrapper.application; includeInIndex = 0; path = PlayBook.app; sourceTree = BUILT_PRODUCTS_DIR; };
		A34056FF26F36531007FD358 /* PlayBookApp.swift */ = {isa = PBXFileReference; lastKnownFileType = sourcecode.swift; path = PlayBookApp.swift; sourceTree = "<group>"; };
		A340570126F36531007FD358 /* ContentView.swift */ = {isa = PBXFileReference; lastKnownFileType = sourcecode.swift; path = ContentView.swift; sourceTree = "<group>"; };
		A340570326F36532007FD358 /* Assets.xcassets */ = {isa = PBXFileReference; lastKnownFileType = folder.assetcatalog; path = Assets.xcassets; sourceTree = "<group>"; };
		A340570626F36532007FD358 /* Preview Assets.xcassets */ = {isa = PBXFileReference; lastKnownFileType = folder.assetcatalog; path = "Preview Assets.xcassets"; sourceTree = "<group>"; };
		A340570826F36532007FD358 /* Info.plist */ = {isa = PBXFileReference; lastKnownFileType = text.plist.xml; path = Info.plist; sourceTree = "<group>"; };
		A340570F26F366A5007FD358 /* GoogleService-Info.plist */ = {isa = PBXFileReference; fileEncoding = 4; lastKnownFileType = text.plist.xml; path = "GoogleService-Info.plist"; sourceTree = "<group>"; };
		A340571526F3728F007FD358 /* LoginView.swift */ = {isa = PBXFileReference; lastKnownFileType = sourcecode.swift; path = LoginView.swift; sourceTree = "<group>"; };
		A340574026F37ED5007FD358 /* SignUpView.swift */ = {isa = PBXFileReference; lastKnownFileType = sourcecode.swift; path = SignUpView.swift; sourceTree = "<group>"; };
		A382A9DE2704C70600703CCC /* FeedView.swift */ = {isa = PBXFileReference; lastKnownFileType = sourcecode.swift; path = FeedView.swift; sourceTree = "<group>"; };
		A382A9E22704C9A600703CCC /* MiniPostView.swift */ = {isa = PBXFileReference; lastKnownFileType = sourcecode.swift; path = MiniPostView.swift; sourceTree = "<group>"; };
		A3CCFBEF26FCA8F50091CDD9 /* AuthService.swift */ = {isa = PBXFileReference; lastKnownFileType = sourcecode.swift; path = AuthService.swift; sourceTree = "<group>"; };
		A3CCFBF226FCAB5F0091CDD9 /* FirebaseService.swift */ = {isa = PBXFileReference; lastKnownFileType = sourcecode.swift; path = FirebaseService.swift; sourceTree = "<group>"; };
		AE50A2BAA0CF4D99C2938BA8 /* Pods-PlayBook.debug.xcconfig */ = {isa = PBXFileReference; includeInIndex = 1; lastKnownFileType = text.xcconfig; name = "Pods-PlayBook.debug.xcconfig"; path = "Target Support Files/Pods-PlayBook/Pods-PlayBook.debug.xcconfig"; sourceTree = "<group>"; };
		DC8B96AAF763A629AE0C3F1E /* Pods-PlayBook.release.xcconfig */ = {isa = PBXFileReference; includeInIndex = 1; lastKnownFileType = text.xcconfig; name = "Pods-PlayBook.release.xcconfig"; path = "Target Support Files/Pods-PlayBook/Pods-PlayBook.release.xcconfig"; sourceTree = "<group>"; };
		F6A19C0AE088DEDF52EA11DC /* Pods_PlayBook.framework */ = {isa = PBXFileReference; explicitFileType = wrapper.framework; includeInIndex = 0; path = Pods_PlayBook.framework; sourceTree = BUILT_PRODUCTS_DIR; };
/* End PBXFileReference section */

/* Begin PBXFrameworksBuildPhase section */
		A34056F926F36531007FD358 /* Frameworks */ = {
			isa = PBXFrameworksBuildPhase;
			buildActionMask = 2147483647;
			files = (
				88B3FAE3D3D4033E2BEC328B /* Pods_PlayBook.framework in Frameworks */,
			);
			runOnlyForDeploymentPostprocessing = 0;
		};
/* End PBXFrameworksBuildPhase section */

/* Begin PBXGroup section */
		98713C7BC6166205773F2D27 /* Frameworks */ = {
			isa = PBXGroup;
			children = (
				F6A19C0AE088DEDF52EA11DC /* Pods_PlayBook.framework */,
			);
			name = Frameworks;
			sourceTree = "<group>";
		};
		A34056F326F36531007FD358 = {
			isa = PBXGroup;
			children = (
				A34056FE26F36531007FD358 /* PlayBook */,
				A34056FD26F36531007FD358 /* Products */,
				CF572803EAB02D583A165FC2 /* Pods */,
				98713C7BC6166205773F2D27 /* Frameworks */,
			);
			sourceTree = "<group>";
		};
		A34056FD26F36531007FD358 /* Products */ = {
			isa = PBXGroup;
			children = (
				A34056FC26F36531007FD358 /* PlayBook.app */,
			);
			name = Products;
			sourceTree = "<group>";
		};
		A34056FE26F36531007FD358 /* PlayBook */ = {
			isa = PBXGroup;
			children = (
				A382A9DD2704C6EB00703CCC /* View */,
				A3CCFBEE26FCA8DC0091CDD9 /* Services */,
				A340571426F3724E007FD358 /* Components */,
				A340570F26F366A5007FD358 /* GoogleService-Info.plist */,
				A34056FF26F36531007FD358 /* PlayBookApp.swift */,
				A340570126F36531007FD358 /* ContentView.swift */,
				A340570326F36532007FD358 /* Assets.xcassets */,
				A340570826F36532007FD358 /* Info.plist */,
				A340570526F36532007FD358 /* Preview Content */,
			);
			path = PlayBook;
			sourceTree = "<group>";
		};
		A340570526F36532007FD358 /* Preview Content */ = {
			isa = PBXGroup;
			children = (
				A340570626F36532007FD358 /* Preview Assets.xcassets */,
			);
			path = "Preview Content";
			sourceTree = "<group>";
		};
		A340571426F3724E007FD358 /* Components */ = {
			isa = PBXGroup;
			children = (
				A340571526F3728F007FD358 /* LoginView.swift */,
				A340574026F37ED5007FD358 /* SignUpView.swift */,
			);
			path = Components;
			sourceTree = "<group>";
		};
		A382A9DD2704C6EB00703CCC /* View */ = {
			isa = PBXGroup;
			children = (
				A382A9DE2704C70600703CCC /* FeedView.swift */,
				A382A9E22704C9A600703CCC /* MiniPostView.swift */,
			);
			path = View;
			sourceTree = "<group>";
		};
		A3CCFBEE26FCA8DC0091CDD9 /* Services */ = {
			isa = PBXGroup;
			children = (
				A3CCFBEF26FCA8F50091CDD9 /* AuthService.swift */,
				A3CCFBF226FCAB5F0091CDD9 /* FirebaseService.swift */,
			);
			path = Services;
			sourceTree = "<group>";
		};
		CF572803EAB02D583A165FC2 /* Pods */ = {
			isa = PBXGroup;
			children = (
				AE50A2BAA0CF4D99C2938BA8 /* Pods-PlayBook.debug.xcconfig */,
				DC8B96AAF763A629AE0C3F1E /* Pods-PlayBook.release.xcconfig */,
			);
			path = Pods;
			sourceTree = "<group>";
		};
/* End PBXGroup section */

/* Begin PBXNativeTarget section */
		A34056FB26F36531007FD358 /* PlayBook */ = {
			isa = PBXNativeTarget;
			buildConfigurationList = A340570B26F36532007FD358 /* Build configuration list for PBXNativeTarget "PlayBook" */;
			buildPhases = (
				692608A0348FB00213CFB125 /* [CP] Check Pods Manifest.lock */,
				A34056F826F36531007FD358 /* Sources */,
				A34056F926F36531007FD358 /* Frameworks */,
				A34056FA26F36531007FD358 /* Resources */,
				78993D0A3668DF6DF75BF1CC /* [CP] Embed Pods Frameworks */,
			);
			buildRules = (
			);
			dependencies = (
			);
			name = PlayBook;
			productName = PlayBook;
			productReference = A34056FC26F36531007FD358 /* PlayBook.app */;
			productType = "com.apple.product-type.application";
		};
/* End PBXNativeTarget section */

/* Begin PBXProject section */
		A34056F426F36531007FD358 /* Project object */ = {
			isa = PBXProject;
			attributes = {
				LastSwiftUpdateCheck = 1240;
				LastUpgradeCheck = 1240;
				TargetAttributes = {
					A34056FB26F36531007FD358 = {
						CreatedOnToolsVersion = 12.4;
					};
				};
			};
			buildConfigurationList = A34056F726F36531007FD358 /* Build configuration list for PBXProject "PlayBook" */;
			compatibilityVersion = "Xcode 9.3";
			developmentRegion = en;
			hasScannedForEncodings = 0;
			knownRegions = (
				en,
				Base,
			);
			mainGroup = A34056F326F36531007FD358;
			productRefGroup = A34056FD26F36531007FD358 /* Products */;
			projectDirPath = "";
			projectRoot = "";
			targets = (
				A34056FB26F36531007FD358 /* PlayBook */,
			);
		};
/* End PBXProject section */

/* Begin PBXResourcesBuildPhase section */
		A34056FA26F36531007FD358 /* Resources */ = {
			isa = PBXResourcesBuildPhase;
			buildActionMask = 2147483647;
			files = (
				A340570726F36532007FD358 /* Preview Assets.xcassets in Resources */,
				A340571026F366A5007FD358 /* GoogleService-Info.plist in Resources */,
				A340570426F36532007FD358 /* Assets.xcassets in Resources */,
			);
			runOnlyForDeploymentPostprocessing = 0;
		};
/* End PBXResourcesBuildPhase section */

/* Begin PBXShellScriptBuildPhase section */
		692608A0348FB00213CFB125 /* [CP] Check Pods Manifest.lock */ = {
			isa = PBXShellScriptBuildPhase;
			buildActionMask = 2147483647;
			files = (
			);
			inputFileListPaths = (
			);
			inputPaths = (
				"${PODS_PODFILE_DIR_PATH}/Podfile.lock",
				"${PODS_ROOT}/Manifest.lock",
			);
			name = "[CP] Check Pods Manifest.lock";
			outputFileListPaths = (
			);
			outputPaths = (
				"$(DERIVED_FILE_DIR)/Pods-PlayBook-checkManifestLockResult.txt",
			);
			runOnlyForDeploymentPostprocessing = 0;
			shellPath = /bin/sh;
			shellScript = "diff \"${PODS_PODFILE_DIR_PATH}/Podfile.lock\" \"${PODS_ROOT}/Manifest.lock\" > /dev/null\nif [ $? != 0 ] ; then\n    # print error to STDERR\n    echo \"error: The sandbox is not in sync with the Podfile.lock. Run 'pod install' or update your CocoaPods installation.\" >&2\n    exit 1\nfi\n# This output is used by Xcode 'outputs' to avoid re-running this script phase.\necho \"SUCCESS\" > \"${SCRIPT_OUTPUT_FILE_0}\"\n";
			showEnvVarsInLog = 0;
		};
		78993D0A3668DF6DF75BF1CC /* [CP] Embed Pods Frameworks */ = {
			isa = PBXShellScriptBuildPhase;
			buildActionMask = 2147483647;
			files = (
			);
			inputFileListPaths = (
				"${PODS_ROOT}/Target Support Files/Pods-PlayBook/Pods-PlayBook-frameworks-${CONFIGURATION}-input-files.xcfilelist",
			);
			name = "[CP] Embed Pods Frameworks";
			outputFileListPaths = (
				"${PODS_ROOT}/Target Support Files/Pods-PlayBook/Pods-PlayBook-frameworks-${CONFIGURATION}-output-files.xcfilelist",
			);
			runOnlyForDeploymentPostprocessing = 0;
			shellPath = /bin/sh;
			shellScript = "\"${PODS_ROOT}/Target Support Files/Pods-PlayBook/Pods-PlayBook-frameworks.sh\"\n";
			showEnvVarsInLog = 0;
		};
/* End PBXShellScriptBuildPhase section */

/* Begin PBXSourcesBuildPhase section */
		A34056F826F36531007FD358 /* Sources */ = {
			isa = PBXSourcesBuildPhase;
			buildActionMask = 2147483647;
			files = (
				A382A9DF2704C70600703CCC /* FeedView.swift in Sources */,
				A340574126F37ED5007FD358 /* SignUpView.swift in Sources */,
				A340571626F3728F007FD358 /* LoginView.swift in Sources */,
				A382A9E32704C9A600703CCC /* MiniPostView.swift in Sources */,
				A3CCFBF026FCA8F50091CDD9 /* AuthService.swift in Sources */,
				A340570226F36531007FD358 /* ContentView.swift in Sources */,
				A3CCFBF326FCAB5F0091CDD9 /* FirebaseService.swift in Sources */,
				A340570026F36531007FD358 /* PlayBookApp.swift in Sources */,
			);
			runOnlyForDeploymentPostprocessing = 0;
		};
/* End PBXSourcesBuildPhase section */

/* Begin XCBuildConfiguration section */
		A340570926F36532007FD358 /* Debug */ = {
			isa = XCBuildConfiguration;
			buildSettings = {
				ALWAYS_SEARCH_USER_PATHS = NO;
				CLANG_ANALYZER_NONNULL = YES;
				CLANG_ANALYZER_NUMBER_OBJECT_CONVERSION = YES_AGGRESSIVE;
				CLANG_CXX_LANGUAGE_STANDARD = "gnu++14";
				CLANG_CXX_LIBRARY = "libc++";
				CLANG_ENABLE_MODULES = YES;
				CLANG_ENABLE_OBJC_ARC = YES;
				CLANG_ENABLE_OBJC_WEAK = YES;
				CLANG_WARN_BLOCK_CAPTURE_AUTORELEASING = YES;
				CLANG_WARN_BOOL_CONVERSION = YES;
				CLANG_WARN_COMMA = YES;
				CLANG_WARN_CONSTANT_CONVERSION = YES;
				CLANG_WARN_DEPRECATED_OBJC_IMPLEMENTATIONS = YES;
				CLANG_WARN_DIRECT_OBJC_ISA_USAGE = YES_ERROR;
				CLANG_WARN_DOCUMENTATION_COMMENTS = YES;
				CLANG_WARN_EMPTY_BODY = YES;
				CLANG_WARN_ENUM_CONVERSION = YES;
				CLANG_WARN_INFINITE_RECURSION = YES;
				CLANG_WARN_INT_CONVERSION = YES;
				CLANG_WARN_NON_LITERAL_NULL_CONVERSION = YES;
				CLANG_WARN_OBJC_IMPLICIT_RETAIN_SELF = YES;
				CLANG_WARN_OBJC_LITERAL_CONVERSION = YES;
				CLANG_WARN_OBJC_ROOT_CLASS = YES_ERROR;
				CLANG_WARN_QUOTED_INCLUDE_IN_FRAMEWORK_HEADER = YES;
				CLANG_WARN_RANGE_LOOP_ANALYSIS = YES;
				CLANG_WARN_STRICT_PROTOTYPES = YES;
				CLANG_WARN_SUSPICIOUS_MOVE = YES;
				CLANG_WARN_UNGUARDED_AVAILABILITY = YES_AGGRESSIVE;
				CLANG_WARN_UNREACHABLE_CODE = YES;
				CLANG_WARN__DUPLICATE_METHOD_MATCH = YES;
				COPY_PHASE_STRIP = NO;
				DEBUG_INFORMATION_FORMAT = dwarf;
				ENABLE_STRICT_OBJC_MSGSEND = YES;
				ENABLE_TESTABILITY = YES;
				GCC_C_LANGUAGE_STANDARD = gnu11;
				GCC_DYNAMIC_NO_PIC = NO;
				GCC_NO_COMMON_BLOCKS = YES;
				GCC_OPTIMIZATION_LEVEL = 0;
				GCC_PREPROCESSOR_DEFINITIONS = (
					"DEBUG=1",
					"$(inherited)",
				);
				GCC_WARN_64_TO_32_BIT_CONVERSION = YES;
				GCC_WARN_ABOUT_RETURN_TYPE = YES_ERROR;
				GCC_WARN_UNDECLARED_SELECTOR = YES;
				GCC_WARN_UNINITIALIZED_AUTOS = YES_AGGRESSIVE;
				GCC_WARN_UNUSED_FUNCTION = YES;
				GCC_WARN_UNUSED_VARIABLE = YES;
				IPHONEOS_DEPLOYMENT_TARGET = 14.4;
				MTL_ENABLE_DEBUG_INFO = INCLUDE_SOURCE;
				MTL_FAST_MATH = YES;
				ONLY_ACTIVE_ARCH = YES;
				SDKROOT = iphoneos;
				SWIFT_ACTIVE_COMPILATION_CONDITIONS = DEBUG;
				SWIFT_OPTIMIZATION_LEVEL = "-Onone";
			};
			name = Debug;
		};
		A340570A26F36532007FD358 /* Release */ = {
			isa = XCBuildConfiguration;
			buildSettings = {
				ALWAYS_SEARCH_USER_PATHS = NO;
				CLANG_ANALYZER_NONNULL = YES;
				CLANG_ANALYZER_NUMBER_OBJECT_CONVERSION = YES_AGGRESSIVE;
				CLANG_CXX_LANGUAGE_STANDARD = "gnu++14";
				CLANG_CXX_LIBRARY = "libc++";
				CLANG_ENABLE_MODULES = YES;
				CLANG_ENABLE_OBJC_ARC = YES;
				CLANG_ENABLE_OBJC_WEAK = YES;
				CLANG_WARN_BLOCK_CAPTURE_AUTORELEASING = YES;
				CLANG_WARN_BOOL_CONVERSION = YES;
				CLANG_WARN_COMMA = YES;
				CLANG_WARN_CONSTANT_CONVERSION = YES;
				CLANG_WARN_DEPRECATED_OBJC_IMPLEMENTATIONS = YES;
				CLANG_WARN_DIRECT_OBJC_ISA_USAGE = YES_ERROR;
				CLANG_WARN_DOCUMENTATION_COMMENTS = YES;
				CLANG_WARN_EMPTY_BODY = YES;
				CLANG_WARN_ENUM_CONVERSION = YES;
				CLANG_WARN_INFINITE_RECURSION = YES;
				CLANG_WARN_INT_CONVERSION = YES;
				CLANG_WARN_NON_LITERAL_NULL_CONVERSION = YES;
				CLANG_WARN_OBJC_IMPLICIT_RETAIN_SELF = YES;
				CLANG_WARN_OBJC_LITERAL_CONVERSION = YES;
				CLANG_WARN_OBJC_ROOT_CLASS = YES_ERROR;
				CLANG_WARN_QUOTED_INCLUDE_IN_FRAMEWORK_HEADER = YES;
				CLANG_WARN_RANGE_LOOP_ANALYSIS = YES;
				CLANG_WARN_STRICT_PROTOTYPES = YES;
				CLANG_WARN_SUSPICIOUS_MOVE = YES;
				CLANG_WARN_UNGUARDED_AVAILABILITY = YES_AGGRESSIVE;
				CLANG_WARN_UNREACHABLE_CODE = YES;
				CLANG_WARN__DUPLICATE_METHOD_MATCH = YES;
				COPY_PHASE_STRIP = NO;
				DEBUG_INFORMATION_FORMAT = "dwarf-with-dsym";
				ENABLE_NS_ASSERTIONS = NO;
				ENABLE_STRICT_OBJC_MSGSEND = YES;
				GCC_C_LANGUAGE_STANDARD = gnu11;
				GCC_NO_COMMON_BLOCKS = YES;
				GCC_WARN_64_TO_32_BIT_CONVERSION = YES;
				GCC_WARN_ABOUT_RETURN_TYPE = YES_ERROR;
				GCC_WARN_UNDECLARED_SELECTOR = YES;
				GCC_WARN_UNINITIALIZED_AUTOS = YES_AGGRESSIVE;
				GCC_WARN_UNUSED_FUNCTION = YES;
				GCC_WARN_UNUSED_VARIABLE = YES;
				IPHONEOS_DEPLOYMENT_TARGET = 14.4;
				MTL_ENABLE_DEBUG_INFO = NO;
				MTL_FAST_MATH = YES;
				SDKROOT = iphoneos;
				SWIFT_COMPILATION_MODE = wholemodule;
				SWIFT_OPTIMIZATION_LEVEL = "-O";
				VALIDATE_PRODUCT = YES;
			};
			name = Release;
		};
		A340570C26F36532007FD358 /* Debug */ = {
			isa = XCBuildConfiguration;
			baseConfigurationReference = AE50A2BAA0CF4D99C2938BA8 /* Pods-PlayBook.debug.xcconfig */;
			buildSettings = {
				ASSETCATALOG_COMPILER_APPICON_NAME = AppIcon;
				ASSETCATALOG_COMPILER_GLOBAL_ACCENT_COLOR_NAME = AccentColor;
				CODE_SIGN_STYLE = Automatic;
				DEVELOPMENT_ASSET_PATHS = "\"PlayBook/Preview Content\"";
				ENABLE_PREVIEWS = YES;
				INFOPLIST_FILE = PlayBook/Info.plist;
				IPHONEOS_DEPLOYMENT_TARGET = 14.0;
				LD_RUNPATH_SEARCH_PATHS = (
					"$(inherited)",
					"@executable_path/Frameworks",
				);
				PRODUCT_BUNDLE_IDENTIFIER = com.openwindow.PlayBook;
				PRODUCT_NAME = "$(TARGET_NAME)";
				SWIFT_VERSION = 5.0;
				TARGETED_DEVICE_FAMILY = "1,2";
			};
			name = Debug;
		};
		A340570D26F36532007FD358 /* Release */ = {
			isa = XCBuildConfiguration;
			baseConfigurationReference = DC8B96AAF763A629AE0C3F1E /* Pods-PlayBook.release.xcconfig */;
			buildSettings = {
				ASSETCATALOG_COMPILER_APPICON_NAME = AppIcon;
				ASSETCATALOG_COMPILER_GLOBAL_ACCENT_COLOR_NAME = AccentColor;
				CODE_SIGN_STYLE = Automatic;
				DEVELOPMENT_ASSET_PATHS = "\"PlayBook/Preview Content\"";
				ENABLE_PREVIEWS = YES;
				INFOPLIST_FILE = PlayBook/Info.plist;
				IPHONEOS_DEPLOYMENT_TARGET = 14.0;
				LD_RUNPATH_SEARCH_PATHS = (
					"$(inherited)",
					"@executable_path/Frameworks",
				);
				PRODUCT_BUNDLE_IDENTIFIER = com.openwindow.PlayBook;
				PRODUCT_NAME = "$(TARGET_NAME)";
				SWIFT_VERSION = 5.0;
				TARGETED_DEVICE_FAMILY = "1,2";
			};
			name = Release;
		};
/* End XCBuildConfiguration section */

/* Begin XCConfigurationList section */
		A34056F726F36531007FD358 /* Build configuration list for PBXProject "PlayBook" */ = {
			isa = XCConfigurationList;
			buildConfigurations = (
				A340570926F36532007FD358 /* Debug */,
				A340570A26F36532007FD358 /* Release */,
			);
			defaultConfigurationIsVisible = 0;
			defaultConfigurationName = Release;
		};
		A340570B26F36532007FD358 /* Build configuration list for PBXNativeTarget "PlayBook" */ = {
			isa = XCConfigurationList;
			buildConfigurations = (
				A340570C26F36532007FD358 /* Debug */,
				A340570D26F36532007FD358 /* Release */,
			);
			defaultConfigurationIsVisible = 0;
			defaultConfigurationName = Release;
		};
/* End XCConfigurationList section */
	};
	rootObject = A34056F426F36531007FD358 /* Project object */;
}
